{
  "name": "funnelfox-billing-example-basic",
  "version": "0.0.0",
  "lockfileVersion": 3,
  "requires": true,
  "packages": {
    "": {
      "name": "funnelfox-billing-example-basic",
      "version": "0.0.0",
      "dependencies": {
        "@funnelfox/billing": "file:../../funnelfox-billing-0.2.0.tgz"
      }
    },
    "node_modules/@funnelfox/billing": {
      "version": "0.2.0",
      "resolved": "file:../../funnelfox-billing-0.2.0.tgz",
      "integrity": "sha512-Eks2cwbRchDCMcaogQWo6nQvYteYJPd0/OBsAe0H2PFirdu0iUZgngeVS4o/HoA1iGm7HUZn4JHqILf/HPBGXw==",
      "license": "MIT",
      "engines": {
        "node": ">=14.0.0"
      },
      "peerDependencies": {
        "@primer-io/checkout-web": "^2.x"
      }
    },
    "node_modules/@primer-io/checkout-web": {
      "version": "2.59.5",
      "resolved": "https://registry.npmjs.org/@primer-io/checkout-web/-/checkout-web-2.59.5.tgz",
      "integrity": "sha512-GHTj59uhw1lSZ77NgXlqPHWbICxUAAWTkzLvG85ZtKmXNn+ixhkMk/uefalWkq1sVFyvZ7xkQ5kOZulpxPFz0A==",
      "license": "BSD-3-Clause",
      "peer": true
    }
  }
}
